{
  "name": "onshape-demo",
  "version": "1.0.0",
  "lockfileVersion": 1,
  "requires": true,
  "dependencies": {
    "@onshape/apikey": {
      "version": "1.0.0",
      "resolved": "https://registry.npmjs.org/@onshape/apikey/-/apikey-1.0.0.tgz",
      "integrity": "sha512-iceTpQuoKQ72JZA6Y7bDyJjQc1brUP0Zore3krNBB9E7LvdZoGv1h4UIpxl5MxH4msog2XYYhjBrBWc8i5HQyg=="
    },
    "dotenv": {
      "version": "8.2.0",
      "resolved": "https://registry.npmjs.org/dotenv/-/dotenv-8.2.0.tgz",
      "integrity": "sha512-8sJ78ElpbDJBHNeBzUbUVLsqKdccaa/BXF1uPTw3GrvQTBgrQrtObr2mUrE38vzYd8cEv+m/JBfDLioYcfXoaw=="
    }
  }
}
